github.com/google/go-cmp v0.5.9 h1:O2Tfq5qg4qc4AmwVlvv0oLiVAGB7enBSJ2x2DqQFi38=
github.com/google/go-cmp v0.5.9/go.mod h1:17dUlkBOakJ0+DkrSSNjCkIjxS6bF9zb3elmeNGIjoY=
github.com/ngicks/go-iterator-helper v0.0.18 h1:a9a3ndHDyYSsI9bLTV4LOUA9cg6NpwPyfL20t4HoLVw=
github.com/ngicks/go-iterator-helper v0.0.18/go.mod h1:g++KxWVGEkOnIhXVvpNNOdn7ON57aOpfu80ccBvPVHI=
github.com/ngicks/und v1.0.0-alpha8 h1:hLy+UDaiBR19iLQN/TZr/vJJUQnv2MU+yKRulJ+bv3A=
github.com/ngicks/und v1.0.0-alpha8/go.mod h1:Uqc/soYEzAZyTrAitb8Orox5TiIJ1hmha1SrwT8eICQ=
gotest.tools/v3 v3.5.1 h1:EENdUnS3pdur5nybKYIh2Vfgc8IUNBjxDPSjtiJcOzU=
gotest.tools/v3 v3.5.1/go.mod h1:isy3WKz7GK6uNw/sbHzfKBLvlvXwUyV06n6brMxxopU=
